
Microsoft Visual Studio Solution File, Format Version 12.00
# Visual Studio 15
VisualStudioVersion = 15.0.28307.1000
MinimumVisualStudioVersion = 10.0.40219.1
Project("{FAE04EC0-301F-11D3-BF4B-00C04F79EFBC}") = "WindowsFormsApp1", "WindowsFormsApp1\WindowsFormsApp1.csproj", "{566C2320-857C-40A1-8286-C025269D4B9C}"
EndProject
Global
	GlobalSection(SolutionConfigurationPlatforms) = preSolution
		Debug|Any CPU = Debug|Any CPU
		Release|Any CPU = Release|Any CPU
	EndGlobalSection
	GlobalSection(ProjectConfigurationPlatforms) = postSolution
		{566C2320-857C-40A1-8286-C025269D4B9C}.Debug|Any CPU.ActiveCfg = Debug|Any CPU
		{566C2320-857C-40A1-8286-C025269D4B9C}.Debug|Any CPU.Build.0 = Debug|Any CPU
		{566C2320-857C-40A1-8286-C025269D4B9C}.Release|Any CPU.ActiveCfg = Release|Any CPU
		{566C2320-857C-40A1-8286-C025269D4B9C}.Release|Any CPU.Build.0 = Release|Any CPU
	EndGlobalSection
	GlobalSection(SolutionProperties) = preSolution
		HideSolutionNode = FALSE
	EndGlobalSection
	GlobalSection(ExtensibilityGlobals) = postSolution
		SolutionGuid = {96966B88-1AB5-446D-9DEC-B0AF5318EF60}
	EndGlobalSection
EndGlobal
